
Microsoft Visual Studio Solution File, Format Version 12.00
# Visual Studio Version 17
VisualStudioVersion = 17.8.34316.72
MinimumVisualStudioVersion = 10.0.40219.1
Project("{8BC9CEB8-8B4A-11D0-8D11-00A0C91BC942}") = "Day01", "Day01\Day01.vcxproj", "{F38AF531-B2A5-4E53-B7A8-B08DC74FB370}"
EndProject
Project("{8BC9CEB8-8B4A-11D0-8D11-00A0C91BC942}") = "Day02", "Day02\Day02.vcxproj", "{7B0D64C1-F2F8-45F7-A8B2-2B8B1402CB1E}"
EndProject
Project("{8BC9CEB8-8B4A-11D0-8D11-00A0C91BC942}") = "Day03", "Day03\Day03.vcxproj", "{ECC95313-3D08-420B-B84F-4CF65454DC33}"
EndProject
Project("{8BC9CEB8-8B4A-11D0-8D11-00A0C91BC942}") = "Day04", "Day04\Day04.vcxproj", "{008C1AA4-8115-4D05-AB51-34BE55077537}"
EndProject
Project("{8BC9CEB8-8B4A-11D0-8D11-00A0C91BC942}") = "Day05", "Day05\Day05.vcxproj", "{4D2CF98B-B3AB-4445-A758-71B5505B8134}"
EndProject
Project("{8BC9CEB8-8B4A-11D0-8D11-00A0C91BC942}") = "Day06", "Day06\Day06.vcxproj", "{88938C71-B7B7-44C8-AD46-CFC8D2518CC6}"
EndProject
Global
	GlobalSection(SolutionConfigurationPlatforms) = preSolution
		Debug|x64 = Debug|x64
		Debug|x86 = Debug|x86
		Release|x64 = Release|x64
		Release|x86 = Release|x86
	EndGlobalSection
	GlobalSection(ProjectConfigurationPlatforms) = postSolution
		{F38AF531-B2A5-4E53-B7A8-B08DC74FB370}.Debug|x64.ActiveCfg = Debug|x64
		{F38AF531-B2A5-4E53-B7A8-B08DC74FB370}.Debug|x64.Build.0 = Debug|x64
		{F38AF531-B2A5-4E53-B7A8-B08DC74FB370}.Debug|x86.ActiveCfg = Debug|Win32
		{F38AF531-B2A5-4E53-B7A8-B08DC74FB370}.Debug|x86.Build.0 = Debug|Win32
		{F38AF531-B2A5-4E53-B7A8-B08DC74FB370}.Release|x64.ActiveCfg = Release|x64
		{F38AF531-B2A5-4E53-B7A8-B08DC74FB370}.Release|x64.Build.0 = Release|x64
		{F38AF531-B2A5-4E53-B7A8-B08DC74FB370}.Release|x86.ActiveCfg = Release|Win32
		{F38AF531-B2A5-4E53-B7A8-B08DC74FB370}.Release|x86.Build.0 = Release|Win32
		{7B0D64C1-F2F8-45F7-A8B2-2B8B1402CB1E}.Debug|x64.ActiveCfg = Debug|x64
		{7B0D64C1-F2F8-45F7-A8B2-2B8B1402CB1E}.Debug|x64.Build.0 = Debug|x64
		{7B0D64C1-F2F8-45F7-A8B2-2B8B1402CB1E}.Debug|x86.ActiveCfg = Debug|Win32
		{7B0D64C1-F2F8-45F7-A8B2-2B8B1402CB1E}.Debug|x86.Build.0 = Debug|Win32
		{7B0D64C1-F2F8-45F7-A8B2-2B8B1402CB1E}.Release|x64.ActiveCfg = Release|x64
		{7B0D64C1-F2F8-45F7-A8B2-2B8B1402CB1E}.Release|x64.Build.0 = Release|x64
		{7B0D64C1-F2F8-45F7-A8B2-2B8B1402CB1E}.Release|x86.ActiveCfg = Release|Win32
		{7B0D64C1-F2F8-45F7-A8B2-2B8B1402CB1E}.Release|x86.Build.0 = Release|Win32
		{ECC95313-3D08-420B-B84F-4CF65454DC33}.Debug|x64.ActiveCfg = Debug|x64
		{ECC95313-3D08-420B-B84F-4CF65454DC33}.Debug|x64.Build.0 = Debug|x64
		{ECC95313-3D08-420B-B84F-4CF65454DC33}.Debug|x86.ActiveCfg = Debug|Win32
		{ECC95313-3D08-420B-B84F-4CF65454DC33}.Debug|x86.Build.0 = Debug|Win32
		{ECC95313-3D08-420B-B84F-4CF65454DC33}.Release|x64.ActiveCfg = Release|x64
		{ECC95313-3D08-420B-B84F-4CF65454DC33}.Release|x64.Build.0 = Release|x64
		{ECC95313-3D08-420B-B84F-4CF65454DC33}.Release|x86.ActiveCfg = Release|Win32
		{ECC95313-3D08-420B-B84F-4CF65454DC33}.Release|x86.Build.0 = Release|Win32
		{008C1AA4-8115-4D05-AB51-34BE55077537}.Debug|x64.ActiveCfg = Debug|x64
		{008C1AA4-8115-4D05-AB51-34BE55077537}.Debug|x64.Build.0 = Debug|x64
		{008C1AA4-8115-4D05-AB51-34BE55077537}.Debug|x86.ActiveCfg = Debug|Win32
		{008C1AA4-8115-4D05-AB51-34BE55077537}.Debug|x86.Build.0 = Debug|Win32
		{008C1AA4-8115-4D05-AB51-34BE55077537}.Release|x64.ActiveCfg = Release|x64
		{008C1AA4-8115-4D05-AB51-34BE55077537}.Release|x64.Build.0 = Release|x64
		{008C1AA4-8115-4D05-AB51-34BE55077537}.Release|x86.ActiveCfg = Release|Win32
		{008C1AA4-8115-4D05-AB51-34BE55077537}.Release|x86.Build.0 = Release|Win32
		{4D2CF98B-B3AB-4445-A758-71B5505B8134}.Debug|x64.ActiveCfg = Debug|x64
		{4D2CF98B-B3AB-4445-A758-71B5505B8134}.Debug|x64.Build.0 = Debug|x64
		{4D2CF98B-B3AB-4445-A758-71B5505B8134}.Debug|x86.ActiveCfg = Debug|Win32
		{4D2CF98B-B3AB-4445-A758-71B5505B8134}.Debug|x86.Build.0 = Debug|Win32
		{4D2CF98B-B3AB-4445-A758-71B5505B8134}.Release|x64.ActiveCfg = Release|x64
		{4D2CF98B-B3AB-4445-A758-71B5505B8134}.Release|x64.Build.0 = Release|x64
		{4D2CF98B-B3AB-4445-A758-71B5505B8134}.Release|x86.ActiveCfg = Release|Win32
		{4D2CF98B-B3AB-4445-A758-71B5505B8134}.Release|x86.Build.0 = Release|Win32
		{88938C71-B7B7-44C8-AD46-CFC8D2518CC6}.Debug|x64.ActiveCfg = Debug|x64
		{88938C71-B7B7-44C8-AD46-CFC8D2518CC6}.Debug|x64.Build.0 = Debug|x64
		{88938C71-B7B7-44C8-AD46-CFC8D2518CC6}.Debug|x86.ActiveCfg = Debug|Win32
		{88938C71-B7B7-44C8-AD46-CFC8D2518CC6}.Debug|x86.Build.0 = Debug|Win32
		{88938C71-B7B7-44C8-AD46-CFC8D2518CC6}.Release|x64.ActiveCfg = Release|x64
		{88938C71-B7B7-44C8-AD46-CFC8D2518CC6}.Release|x64.Build.0 = Release|x64
		{88938C71-B7B7-44C8-AD46-CFC8D2518CC6}.Release|x86.ActiveCfg = Release|Win32
		{88938C71-B7B7-44C8-AD46-CFC8D2518CC6}.Release|x86.Build.0 = Release|Win32
	EndGlobalSection
	GlobalSection(SolutionProperties) = preSolution
		HideSolutionNode = FALSE
	EndGlobalSection
	GlobalSection(ExtensibilityGlobals) = postSolution
		SolutionGuid = {2F497F67-3F24-422F-BD2D-CDC800A0D788}
	EndGlobalSection
EndGlobal
