
Microsoft Visual Studio Solution File, Format Version 12.00
# Visual Studio Version 17
VisualStudioVersion = 17.8.34316.72
MinimumVisualStudioVersion = 10.0.40219.1
Project("{8BC9CEB8-8B4A-11D0-8D11-00A0C91BC942}") = "Day01", "Day01\Day01.vcxproj", "{F38AF531-B2A5-4E53-B7A8-B08DC74FB370}"
EndProject
Project("{8BC9CEB8-8B4A-11D0-8D11-00A0C91BC942}") = "Day02", "Day02\Day02.vcxproj", "{7B0D64C1-F2F8-45F7-A8B2-2B8B1402CB1E}"
EndProject
Project("{8BC9CEB8-8B4A-11D0-8D11-00A0C91BC942}") = "Day03", "Day03\Day03.vcxproj", "{ECC95313-3D08-420B-B84F-4CF65454DC33}"
EndProject
Project("{8BC9CEB8-8B4A-11D0-8D11-00A0C91BC942}") = "Day04", "Day04\Day04.vcxproj", "{008C1AA4-8115-4D05-AB51-34BE55077537}"
EndProject
Project("{8BC9CEB8-8B4A-11D0-8D11-00A0C91BC942}") = "Day05", "Day05\Day05.vcxproj", "{4D2CF98B-B3AB-4445-A758-71B5505B8134}"
EndProject
Project("{8BC9CEB8-8B4A-11D0-8D11-00A0C91BC942}") = "Day07", "Day07\Day07.vcxproj", "{AEA7A303-0B35-46AB-83E3-873A9FA966FC}"
EndProject
Project("{8BC9CEB8-8B4A-11D0-8D11-00A0C91BC942}") = "Day08", "Day08\Day08.vcxproj", "{C040040D-D609-4323-AEFD-0E3F1CE12CE9}"
EndProject
Project("{8BC9CEB8-8B4A-11D0-8D11-00A0C91BC942}") = "Day09", "Day09\Day09.vcxproj", "{C81DC244-9D73-4DFA-A0F9-50D77056A24D}"
EndProject
Project("{8BC9CEB8-8B4A-11D0-8D11-00A0C91BC942}") = "Day06", "Day06\Day06.vcxproj", "{88938C71-B7B7-44C8-AD46-CFC8D2518CC6}"
EndProject
Project("{8BC9CEB8-8B4A-11D0-8D11-00A0C91BC942}") = "Day10", "Day10\Day10.vcxproj", "{E77BF561-5BDD-4C8F-9C81-599273869D8B}"
EndProject
Project("{8BC9CEB8-8B4A-11D0-8D11-00A0C91BC942}") = "Day11", "Day11\Day11.vcxproj", "{7530749D-15CF-46B1-9DE1-41004B56F75B}"
EndProject
Project("{8BC9CEB8-8B4A-11D0-8D11-00A0C91BC942}") = "Day12", "Day12\Day12.vcxproj", "{FBC8002E-BCA6-435B-94F2-957B50D2A02B}"
EndProject
Project("{8BC9CEB8-8B4A-11D0-8D11-00A0C91BC942}") = "Day13", "Day13\Day13.vcxproj", "{F188A31D-F52B-46E9-BFC8-B3399978FCD5}"
EndProject
Project("{8BC9CEB8-8B4A-11D0-8D11-00A0C91BC942}") = "Day14", "Day14\Day14.vcxproj", "{BF945E1C-A82F-42ED-B7B4-75B3F86C82A7}"
EndProject
Project("{8BC9CEB8-8B4A-11D0-8D11-00A0C91BC942}") = "Day15", "Day15\Day15.vcxproj", "{D4E6BF5C-2CF8-462F-96AD-461C661911FE}"
EndProject
Project("{8BC9CEB8-8B4A-11D0-8D11-00A0C91BC942}") = "Day16", "Day16\Day16.vcxproj", "{8B9B770A-E69B-4209-B55E-9146BCAC63E2}"
EndProject
Project("{8BC9CEB8-8B4A-11D0-8D11-00A0C91BC942}") = "Day17", "Day17\Day17.vcxproj", "{BF6636E1-67A6-4E40-82A0-321B0886BEAC}"
EndProject
Project("{8BC9CEB8-8B4A-11D0-8D11-00A0C91BC942}") = "Day18", "Day18\Day18.vcxproj", "{1D5A1B05-71F3-438B-B156-100ACBDB2469}"
EndProject
Global
	GlobalSection(SolutionConfigurationPlatforms) = preSolution
		Debug|x64 = Debug|x64
		Debug|x86 = Debug|x86
		Release|x64 = Release|x64
		Release|x86 = Release|x86
	EndGlobalSection
	GlobalSection(ProjectConfigurationPlatforms) = postSolution
		{F38AF531-B2A5-4E53-B7A8-B08DC74FB370}.Debug|x64.ActiveCfg = Debug|x64
		{F38AF531-B2A5-4E53-B7A8-B08DC74FB370}.Debug|x64.Build.0 = Debug|x64
		{F38AF531-B2A5-4E53-B7A8-B08DC74FB370}.Debug|x86.ActiveCfg = Debug|Win32
		{F38AF531-B2A5-4E53-B7A8-B08DC74FB370}.Debug|x86.Build.0 = Debug|Win32
		{F38AF531-B2A5-4E53-B7A8-B08DC74FB370}.Release|x64.ActiveCfg = Release|x64
		{F38AF531-B2A5-4E53-B7A8-B08DC74FB370}.Release|x64.Build.0 = Release|x64
		{F38AF531-B2A5-4E53-B7A8-B08DC74FB370}.Release|x86.ActiveCfg = Release|Win32
		{F38AF531-B2A5-4E53-B7A8-B08DC74FB370}.Release|x86.Build.0 = Release|Win32
		{7B0D64C1-F2F8-45F7-A8B2-2B8B1402CB1E}.Debug|x64.ActiveCfg = Debug|x64
		{7B0D64C1-F2F8-45F7-A8B2-2B8B1402CB1E}.Debug|x64.Build.0 = Debug|x64
		{7B0D64C1-F2F8-45F7-A8B2-2B8B1402CB1E}.Debug|x86.ActiveCfg = Debug|Win32
		{7B0D64C1-F2F8-45F7-A8B2-2B8B1402CB1E}.Debug|x86.Build.0 = Debug|Win32
		{7B0D64C1-F2F8-45F7-A8B2-2B8B1402CB1E}.Release|x64.ActiveCfg = Release|x64
		{7B0D64C1-F2F8-45F7-A8B2-2B8B1402CB1E}.Release|x64.Build.0 = Release|x64
		{7B0D64C1-F2F8-45F7-A8B2-2B8B1402CB1E}.Release|x86.ActiveCfg = Release|Win32
		{7B0D64C1-F2F8-45F7-A8B2-2B8B1402CB1E}.Release|x86.Build.0 = Release|Win32
		{ECC95313-3D08-420B-B84F-4CF65454DC33}.Debug|x64.ActiveCfg = Debug|x64
		{ECC95313-3D08-420B-B84F-4CF65454DC33}.Debug|x64.Build.0 = Debug|x64
		{ECC95313-3D08-420B-B84F-4CF65454DC33}.Debug|x86.ActiveCfg = Debug|Win32
		{ECC95313-3D08-420B-B84F-4CF65454DC33}.Debug|x86.Build.0 = Debug|Win32
		{ECC95313-3D08-420B-B84F-4CF65454DC33}.Release|x64.ActiveCfg = Release|x64
		{ECC95313-3D08-420B-B84F-4CF65454DC33}.Release|x64.Build.0 = Release|x64
		{ECC95313-3D08-420B-B84F-4CF65454DC33}.Release|x86.ActiveCfg = Release|Win32
		{ECC95313-3D08-420B-B84F-4CF65454DC33}.Release|x86.Build.0 = Release|Win32
		{008C1AA4-8115-4D05-AB51-34BE55077537}.Debug|x64.ActiveCfg = Debug|x64
		{008C1AA4-8115-4D05-AB51-34BE55077537}.Debug|x64.Build.0 = Debug|x64
		{008C1AA4-8115-4D05-AB51-34BE55077537}.Debug|x86.ActiveCfg = Debug|Win32
		{008C1AA4-8115-4D05-AB51-34BE55077537}.Debug|x86.Build.0 = Debug|Win32
		{008C1AA4-8115-4D05-AB51-34BE55077537}.Release|x64.ActiveCfg = Release|x64
		{008C1AA4-8115-4D05-AB51-34BE55077537}.Release|x64.Build.0 = Release|x64
		{008C1AA4-8115-4D05-AB51-34BE55077537}.Release|x86.ActiveCfg = Release|Win32
		{008C1AA4-8115-4D05-AB51-34BE55077537}.Release|x86.Build.0 = Release|Win32
		{4D2CF98B-B3AB-4445-A758-71B5505B8134}.Debug|x64.ActiveCfg = Debug|x64
		{4D2CF98B-B3AB-4445-A758-71B5505B8134}.Debug|x64.Build.0 = Debug|x64
		{4D2CF98B-B3AB-4445-A758-71B5505B8134}.Debug|x86.ActiveCfg = Debug|Win32
		{4D2CF98B-B3AB-4445-A758-71B5505B8134}.Debug|x86.Build.0 = Debug|Win32
		{4D2CF98B-B3AB-4445-A758-71B5505B8134}.Release|x64.ActiveCfg = Release|x64
		{4D2CF98B-B3AB-4445-A758-71B5505B8134}.Release|x64.Build.0 = Release|x64
		{4D2CF98B-B3AB-4445-A758-71B5505B8134}.Release|x86.ActiveCfg = Release|Win32
		{4D2CF98B-B3AB-4445-A758-71B5505B8134}.Release|x86.Build.0 = Release|Win32
		{AEA7A303-0B35-46AB-83E3-873A9FA966FC}.Debug|x64.ActiveCfg = Debug|x64
		{AEA7A303-0B35-46AB-83E3-873A9FA966FC}.Debug|x64.Build.0 = Debug|x64
		{AEA7A303-0B35-46AB-83E3-873A9FA966FC}.Debug|x86.ActiveCfg = Debug|Win32
		{AEA7A303-0B35-46AB-83E3-873A9FA966FC}.Debug|x86.Build.0 = Debug|Win32
		{AEA7A303-0B35-46AB-83E3-873A9FA966FC}.Release|x64.ActiveCfg = Release|x64
		{AEA7A303-0B35-46AB-83E3-873A9FA966FC}.Release|x64.Build.0 = Release|x64
		{AEA7A303-0B35-46AB-83E3-873A9FA966FC}.Release|x86.ActiveCfg = Release|Win32
		{AEA7A303-0B35-46AB-83E3-873A9FA966FC}.Release|x86.Build.0 = Release|Win32
		{C040040D-D609-4323-AEFD-0E3F1CE12CE9}.Debug|x64.ActiveCfg = Debug|x64
		{C040040D-D609-4323-AEFD-0E3F1CE12CE9}.Debug|x64.Build.0 = Debug|x64
		{C040040D-D609-4323-AEFD-0E3F1CE12CE9}.Debug|x86.ActiveCfg = Debug|Win32
		{C040040D-D609-4323-AEFD-0E3F1CE12CE9}.Debug|x86.Build.0 = Debug|Win32
		{C040040D-D609-4323-AEFD-0E3F1CE12CE9}.Release|x64.ActiveCfg = Release|x64
		{C040040D-D609-4323-AEFD-0E3F1CE12CE9}.Release|x64.Build.0 = Release|x64
		{C040040D-D609-4323-AEFD-0E3F1CE12CE9}.Release|x86.ActiveCfg = Release|Win32
		{C040040D-D609-4323-AEFD-0E3F1CE12CE9}.Release|x86.Build.0 = Release|Win32
		{C81DC244-9D73-4DFA-A0F9-50D77056A24D}.Debug|x64.ActiveCfg = Debug|x64
		{C81DC244-9D73-4DFA-A0F9-50D77056A24D}.Debug|x64.Build.0 = Debug|x64
		{C81DC244-9D73-4DFA-A0F9-50D77056A24D}.Debug|x86.ActiveCfg = Debug|Win32
		{C81DC244-9D73-4DFA-A0F9-50D77056A24D}.Debug|x86.Build.0 = Debug|Win32
		{C81DC244-9D73-4DFA-A0F9-50D77056A24D}.Release|x64.ActiveCfg = Release|x64
		{C81DC244-9D73-4DFA-A0F9-50D77056A24D}.Release|x64.Build.0 = Release|x64
		{C81DC244-9D73-4DFA-A0F9-50D77056A24D}.Release|x86.ActiveCfg = Release|Win32
		{C81DC244-9D73-4DFA-A0F9-50D77056A24D}.Release|x86.Build.0 = Release|Win32
		{88938C71-B7B7-44C8-AD46-CFC8D2518CC6}.Debug|x64.ActiveCfg = Debug|x64
		{88938C71-B7B7-44C8-AD46-CFC8D2518CC6}.Debug|x64.Build.0 = Debug|x64
		{88938C71-B7B7-44C8-AD46-CFC8D2518CC6}.Debug|x86.ActiveCfg = Debug|Win32
		{88938C71-B7B7-44C8-AD46-CFC8D2518CC6}.Debug|x86.Build.0 = Debug|Win32
		{88938C71-B7B7-44C8-AD46-CFC8D2518CC6}.Release|x64.ActiveCfg = Release|x64
		{88938C71-B7B7-44C8-AD46-CFC8D2518CC6}.Release|x64.Build.0 = Release|x64
		{88938C71-B7B7-44C8-AD46-CFC8D2518CC6}.Release|x86.ActiveCfg = Release|Win32
		{88938C71-B7B7-44C8-AD46-CFC8D2518CC6}.Release|x86.Build.0 = Release|Win32
		{E77BF561-5BDD-4C8F-9C81-599273869D8B}.Debug|x64.ActiveCfg = Debug|x64
		{E77BF561-5BDD-4C8F-9C81-599273869D8B}.Debug|x64.Build.0 = Debug|x64
		{E77BF561-5BDD-4C8F-9C81-599273869D8B}.Debug|x86.ActiveCfg = Debug|Win32
		{E77BF561-5BDD-4C8F-9C81-599273869D8B}.Debug|x86.Build.0 = Debug|Win32
		{E77BF561-5BDD-4C8F-9C81-599273869D8B}.Release|x64.ActiveCfg = Release|x64
		{E77BF561-5BDD-4C8F-9C81-599273869D8B}.Release|x64.Build.0 = Release|x64
		{E77BF561-5BDD-4C8F-9C81-599273869D8B}.Release|x86.ActiveCfg = Release|Win32
		{E77BF561-5BDD-4C8F-9C81-599273869D8B}.Release|x86.Build.0 = Release|Win32
		{7530749D-15CF-46B1-9DE1-41004B56F75B}.Debug|x64.ActiveCfg = Debug|x64
		{7530749D-15CF-46B1-9DE1-41004B56F75B}.Debug|x64.Build.0 = Debug|x64
		{7530749D-15CF-46B1-9DE1-41004B56F75B}.Debug|x86.ActiveCfg = Debug|Win32
		{7530749D-15CF-46B1-9DE1-41004B56F75B}.Debug|x86.Build.0 = Debug|Win32
		{7530749D-15CF-46B1-9DE1-41004B56F75B}.Release|x64.ActiveCfg = Release|x64
		{7530749D-15CF-46B1-9DE1-41004B56F75B}.Release|x64.Build.0 = Release|x64
		{7530749D-15CF-46B1-9DE1-41004B56F75B}.Release|x86.ActiveCfg = Release|Win32
		{7530749D-15CF-46B1-9DE1-41004B56F75B}.Release|x86.Build.0 = Release|Win32
		{FBC8002E-BCA6-435B-94F2-957B50D2A02B}.Debug|x64.ActiveCfg = Debug|x64
		{FBC8002E-BCA6-435B-94F2-957B50D2A02B}.Debug|x64.Build.0 = Debug|x64
		{FBC8002E-BCA6-435B-94F2-957B50D2A02B}.Debug|x86.ActiveCfg = Debug|Win32
		{FBC8002E-BCA6-435B-94F2-957B50D2A02B}.Debug|x86.Build.0 = Debug|Win32
		{FBC8002E-BCA6-435B-94F2-957B50D2A02B}.Release|x64.ActiveCfg = Release|x64
		{FBC8002E-BCA6-435B-94F2-957B50D2A02B}.Release|x64.Build.0 = Release|x64
		{FBC8002E-BCA6-435B-94F2-957B50D2A02B}.Release|x86.ActiveCfg = Release|Win32
		{FBC8002E-BCA6-435B-94F2-957B50D2A02B}.Release|x86.Build.0 = Release|Win32
		{F188A31D-F52B-46E9-BFC8-B3399978FCD5}.Debug|x64.ActiveCfg = Debug|x64
		{F188A31D-F52B-46E9-BFC8-B3399978FCD5}.Debug|x64.Build.0 = Debug|x64
		{F188A31D-F52B-46E9-BFC8-B3399978FCD5}.Debug|x86.ActiveCfg = Debug|Win32
		{F188A31D-F52B-46E9-BFC8-B3399978FCD5}.Debug|x86.Build.0 = Debug|Win32
		{F188A31D-F52B-46E9-BFC8-B3399978FCD5}.Release|x64.ActiveCfg = Release|x64
		{F188A31D-F52B-46E9-BFC8-B3399978FCD5}.Release|x64.Build.0 = Release|x64
		{F188A31D-F52B-46E9-BFC8-B3399978FCD5}.Release|x86.ActiveCfg = Release|Win32
		{F188A31D-F52B-46E9-BFC8-B3399978FCD5}.Release|x86.Build.0 = Release|Win32
		{BF945E1C-A82F-42ED-B7B4-75B3F86C82A7}.Debug|x64.ActiveCfg = Debug|x64
		{BF945E1C-A82F-42ED-B7B4-75B3F86C82A7}.Debug|x64.Build.0 = Debug|x64
		{BF945E1C-A82F-42ED-B7B4-75B3F86C82A7}.Debug|x86.ActiveCfg = Debug|Win32
		{BF945E1C-A82F-42ED-B7B4-75B3F86C82A7}.Debug|x86.Build.0 = Debug|Win32
		{BF945E1C-A82F-42ED-B7B4-75B3F86C82A7}.Release|x64.ActiveCfg = Release|x64
		{BF945E1C-A82F-42ED-B7B4-75B3F86C82A7}.Release|x64.Build.0 = Release|x64
		{BF945E1C-A82F-42ED-B7B4-75B3F86C82A7}.Release|x86.ActiveCfg = Release|Win32
		{BF945E1C-A82F-42ED-B7B4-75B3F86C82A7}.Release|x86.Build.0 = Release|Win32
		{D4E6BF5C-2CF8-462F-96AD-461C661911FE}.Debug|x64.ActiveCfg = Debug|x64
		{D4E6BF5C-2CF8-462F-96AD-461C661911FE}.Debug|x64.Build.0 = Debug|x64
		{D4E6BF5C-2CF8-462F-96AD-461C661911FE}.Debug|x86.ActiveCfg = Debug|Win32
		{D4E6BF5C-2CF8-462F-96AD-461C661911FE}.Debug|x86.Build.0 = Debug|Win32
		{D4E6BF5C-2CF8-462F-96AD-461C661911FE}.Release|x64.ActiveCfg = Release|x64
		{D4E6BF5C-2CF8-462F-96AD-461C661911FE}.Release|x64.Build.0 = Release|x64
		{D4E6BF5C-2CF8-462F-96AD-461C661911FE}.Release|x86.ActiveCfg = Release|Win32
		{D4E6BF5C-2CF8-462F-96AD-461C661911FE}.Release|x86.Build.0 = Release|Win32
		{8B9B770A-E69B-4209-B55E-9146BCAC63E2}.Debug|x64.ActiveCfg = Debug|x64
		{8B9B770A-E69B-4209-B55E-9146BCAC63E2}.Debug|x64.Build.0 = Debug|x64
		{8B9B770A-E69B-4209-B55E-9146BCAC63E2}.Debug|x86.ActiveCfg = Debug|Win32
		{8B9B770A-E69B-4209-B55E-9146BCAC63E2}.Debug|x86.Build.0 = Debug|Win32
		{8B9B770A-E69B-4209-B55E-9146BCAC63E2}.Release|x64.ActiveCfg = Release|x64
		{8B9B770A-E69B-4209-B55E-9146BCAC63E2}.Release|x64.Build.0 = Release|x64
		{8B9B770A-E69B-4209-B55E-9146BCAC63E2}.Release|x86.ActiveCfg = Release|Win32
		{8B9B770A-E69B-4209-B55E-9146BCAC63E2}.Release|x86.Build.0 = Release|Win32
		{BF6636E1-67A6-4E40-82A0-321B0886BEAC}.Debug|x64.ActiveCfg = Debug|x64
		{BF6636E1-67A6-4E40-82A0-321B0886BEAC}.Debug|x64.Build.0 = Debug|x64
		{BF6636E1-67A6-4E40-82A0-321B0886BEAC}.Debug|x86.ActiveCfg = Debug|Win32
		{BF6636E1-67A6-4E40-82A0-321B0886BEAC}.Debug|x86.Build.0 = Debug|Win32
		{BF6636E1-67A6-4E40-82A0-321B0886BEAC}.Release|x64.ActiveCfg = Release|x64
		{BF6636E1-67A6-4E40-82A0-321B0886BEAC}.Release|x64.Build.0 = Release|x64
		{BF6636E1-67A6-4E40-82A0-321B0886BEAC}.Release|x86.ActiveCfg = Release|Win32
		{BF6636E1-67A6-4E40-82A0-321B0886BEAC}.Release|x86.Build.0 = Release|Win32
		{1D5A1B05-71F3-438B-B156-100ACBDB2469}.Debug|x64.ActiveCfg = Debug|x64
		{1D5A1B05-71F3-438B-B156-100ACBDB2469}.Debug|x64.Build.0 = Debug|x64
		{1D5A1B05-71F3-438B-B156-100ACBDB2469}.Debug|x86.ActiveCfg = Debug|Win32
		{1D5A1B05-71F3-438B-B156-100ACBDB2469}.Debug|x86.Build.0 = Debug|Win32
		{1D5A1B05-71F3-438B-B156-100ACBDB2469}.Release|x64.ActiveCfg = Release|x64
		{1D5A1B05-71F3-438B-B156-100ACBDB2469}.Release|x64.Build.0 = Release|x64
		{1D5A1B05-71F3-438B-B156-100ACBDB2469}.Release|x86.ActiveCfg = Release|Win32
		{1D5A1B05-71F3-438B-B156-100ACBDB2469}.Release|x86.Build.0 = Release|Win32
	EndGlobalSection
	GlobalSection(SolutionProperties) = preSolution
		HideSolutionNode = FALSE
	EndGlobalSection
	GlobalSection(ExtensibilityGlobals) = postSolution
		SolutionGuid = {2F497F67-3F24-422F-BD2D-CDC800A0D788}
	EndGlobalSection
EndGlobal
